
Microsoft Visual Studio Solution File, Format Version 11.00
# Visual Studio 2010
Project("{FAE04EC0-301F-11D3-BF4B-00C04F79EFBC}") = "Bdd-specflow-Sample.Web", "Bdd-specflow-Sample.Web\Bdd-specflow-Sample.Web.csproj", "{3E800ECB-AD6F-43DD-80FF-DFEF558EFA8A}"
EndProject
Global
	GlobalSection(SolutionConfigurationPlatforms) = preSolution
		Debug|Any CPU = Debug|Any CPU
		Release|Any CPU = Release|Any CPU
	EndGlobalSection
	GlobalSection(ProjectConfigurationPlatforms) = postSolution
		{3E800ECB-AD6F-43DD-80FF-DFEF558EFA8A}.Debug|Any CPU.ActiveCfg = Debug|Any CPU
		{3E800ECB-AD6F-43DD-80FF-DFEF558EFA8A}.Debug|Any CPU.Build.0 = Debug|Any CPU
		{3E800ECB-AD6F-43DD-80FF-DFEF558EFA8A}.Release|Any CPU.ActiveCfg = Release|Any CPU
		{3E800ECB-AD6F-43DD-80FF-DFEF558EFA8A}.Release|Any CPU.Build.0 = Release|Any CPU
	EndGlobalSection
	GlobalSection(SolutionProperties) = preSolution
		HideSolutionNode = FALSE
	EndGlobalSection
EndGlobal
