
Microsoft Visual Studio Solution File, Format Version 11.00
# Visual Studio 2010
Project("{FAE04EC0-301F-11D3-BF4B-00C04F79EFBC}") = "Bdd-specflow-Sample.Web", "Bdd-specflow-Sample.Web\Bdd-specflow-Sample.Web.csproj", "{3E800ECB-AD6F-43DD-80FF-DFEF558EFA8A}"
EndProject
Project("{2150E333-8FDC-42A3-9474-1A3956D46DE8}") = "IntegrationTests", "IntegrationTests", "{BA47E58A-0CB1-42FF-8F00-9796245A35DF}"
EndProject
Project("{2150E333-8FDC-42A3-9474-1A3956D46DE8}") = "UnitTests", "UnitTests", "{0FB58176-8441-490E-859B-9760C720BF4C}"
EndProject
Project("{FAE04EC0-301F-11D3-BF4B-00C04F79EFBC}") = "Bdd-specflow-Sample.Features", "Bdd-specflow-Sample.Features\Bdd-specflow-Sample.Features.csproj", "{3770CD8C-555E-4460-96B4-140F012121DA}"
EndProject
Project("{FAE04EC0-301F-11D3-BF4B-00C04F79EFBC}") = "KarmaMeter.Business", "KarmaMeter.Business\KarmaMeter.Business.csproj", "{AE480030-25BF-4F47-9EA5-F9017B130D04}"
EndProject
Project("{FAE04EC0-301F-11D3-BF4B-00C04F79EFBC}") = "KaraMeter.DataAccess", "KaraMeter.DataAccess\KaraMeter.DataAccess.csproj", "{F1BF8F4E-8387-4C83-A569-774BB86BA815}"
EndProject
Project("{FAE04EC0-301F-11D3-BF4B-00C04F79EFBC}") = "KamaMeter.Container", "KamaMeter.Container\KamaMeter.Container.csproj", "{9C1133C7-886E-47C1-934F-EFF910A2E054}"
EndProject
Global
	GlobalSection(SolutionConfigurationPlatforms) = preSolution
		Debug|Any CPU = Debug|Any CPU
		Release|Any CPU = Release|Any CPU
	EndGlobalSection
	GlobalSection(ProjectConfigurationPlatforms) = postSolution
		{3E800ECB-AD6F-43DD-80FF-DFEF558EFA8A}.Debug|Any CPU.ActiveCfg = Debug|Any CPU
		{3E800ECB-AD6F-43DD-80FF-DFEF558EFA8A}.Debug|Any CPU.Build.0 = Debug|Any CPU
		{3E800ECB-AD6F-43DD-80FF-DFEF558EFA8A}.Release|Any CPU.ActiveCfg = Release|Any CPU
		{3E800ECB-AD6F-43DD-80FF-DFEF558EFA8A}.Release|Any CPU.Build.0 = Release|Any CPU
		{3770CD8C-555E-4460-96B4-140F012121DA}.Debug|Any CPU.ActiveCfg = Debug|Any CPU
		{3770CD8C-555E-4460-96B4-140F012121DA}.Debug|Any CPU.Build.0 = Debug|Any CPU
		{3770CD8C-555E-4460-96B4-140F012121DA}.Release|Any CPU.ActiveCfg = Release|Any CPU
		{3770CD8C-555E-4460-96B4-140F012121DA}.Release|Any CPU.Build.0 = Release|Any CPU
		{AE480030-25BF-4F47-9EA5-F9017B130D04}.Debug|Any CPU.ActiveCfg = Debug|Any CPU
		{AE480030-25BF-4F47-9EA5-F9017B130D04}.Debug|Any CPU.Build.0 = Debug|Any CPU
		{AE480030-25BF-4F47-9EA5-F9017B130D04}.Release|Any CPU.ActiveCfg = Release|Any CPU
		{AE480030-25BF-4F47-9EA5-F9017B130D04}.Release|Any CPU.Build.0 = Release|Any CPU
		{F1BF8F4E-8387-4C83-A569-774BB86BA815}.Debug|Any CPU.ActiveCfg = Debug|Any CPU
		{F1BF8F4E-8387-4C83-A569-774BB86BA815}.Debug|Any CPU.Build.0 = Debug|Any CPU
		{F1BF8F4E-8387-4C83-A569-774BB86BA815}.Release|Any CPU.ActiveCfg = Release|Any CPU
		{F1BF8F4E-8387-4C83-A569-774BB86BA815}.Release|Any CPU.Build.0 = Release|Any CPU
		{9C1133C7-886E-47C1-934F-EFF910A2E054}.Debug|Any CPU.ActiveCfg = Debug|Any CPU
		{9C1133C7-886E-47C1-934F-EFF910A2E054}.Debug|Any CPU.Build.0 = Debug|Any CPU
		{9C1133C7-886E-47C1-934F-EFF910A2E054}.Release|Any CPU.ActiveCfg = Release|Any CPU
		{9C1133C7-886E-47C1-934F-EFF910A2E054}.Release|Any CPU.Build.0 = Release|Any CPU
	EndGlobalSection
	GlobalSection(SolutionProperties) = preSolution
		HideSolutionNode = FALSE
	EndGlobalSection
	GlobalSection(NestedProjects) = preSolution
		{3770CD8C-555E-4460-96B4-140F012121DA} = {BA47E58A-0CB1-42FF-8F00-9796245A35DF}
	EndGlobalSection
EndGlobal
